
Microsoft Visual Studio Solution File, Format Version 12.00
# Visual Studio 15
VisualStudioVersion = 15.0.26906.1
MinimumVisualStudioVersion = 10.0.40219.1
Project("{FAE04EC0-301F-11D3-BF4B-00C04F79EFBC}") = "Kata20170916_UniqueInOrder", "Kata20170916_UniqueInOrder\Kata20170916_UniqueInOrder.csproj", "{22AAEE2D-324A-4D27-B8F3-20D4A5499CB4}"
EndProject
Global
	GlobalSection(SolutionConfigurationPlatforms) = preSolution
		Debug|Any CPU = Debug|Any CPU
		Release|Any CPU = Release|Any CPU
	EndGlobalSection
	GlobalSection(ProjectConfigurationPlatforms) = postSolution
		{22AAEE2D-324A-4D27-B8F3-20D4A5499CB4}.Debug|Any CPU.ActiveCfg = Debug|Any CPU
		{22AAEE2D-324A-4D27-B8F3-20D4A5499CB4}.Debug|Any CPU.Build.0 = Debug|Any CPU
		{22AAEE2D-324A-4D27-B8F3-20D4A5499CB4}.Release|Any CPU.ActiveCfg = Release|Any CPU
		{22AAEE2D-324A-4D27-B8F3-20D4A5499CB4}.Release|Any CPU.Build.0 = Release|Any CPU
	EndGlobalSection
	GlobalSection(SolutionProperties) = preSolution
		HideSolutionNode = FALSE
	EndGlobalSection
	GlobalSection(ExtensibilityGlobals) = postSolution
		SolutionGuid = {811FEBBD-8C2C-4500-81CC-31EE9652771F}
	EndGlobalSection
EndGlobal
